// !$*UTF8*$!
{
	archiveVersion = 1;
	classes = {
	};
	objectVersion = 50;
	objects = {

/* Begin PBXBuildFile section */
		0563241424FD47B700359ED1 /* HabitListItem.swift in Sources */ = {isa = PBXBuildFile; fileRef = 0563241324FD47B700359ED1 /* HabitListItem.swift */; };
		0563241624FD493700359ED1 /* HabitView.swift in Sources */ = {isa = PBXBuildFile; fileRef = 0563241524FD493700359ED1 /* HabitView.swift */; };
		0563241824FFBB0700359ED1 /* NewHabitView.swift in Sources */ = {isa = PBXBuildFile; fileRef = 0563241724FFBB0700359ED1 /* NewHabitView.swift */; };
		0563241A24FFC80F00359ED1 /* View+.swift in Sources */ = {isa = PBXBuildFile; fileRef = 0563241924FFC80F00359ED1 /* View+.swift */; };
		05D042ED24FD424400A3787D /* Habit.swift in Sources */ = {isa = PBXBuildFile; fileRef = 05D042EC24FD424400A3787D /* Habit.swift */; };
		05F06A9924FD3E9A0074885A /* HabitsWithSwiftApp.swift in Sources */ = {isa = PBXBuildFile; fileRef = 05F06A9824FD3E9A0074885A /* HabitsWithSwiftApp.swift */; };
		05F06A9B24FD3E9A0074885A /* ContentView.swift in Sources */ = {isa = PBXBuildFile; fileRef = 05F06A9A24FD3E9A0074885A /* ContentView.swift */; };
		05F06A9D24FD3E9B0074885A /* Assets.xcassets in Resources */ = {isa = PBXBuildFile; fileRef = 05F06A9C24FD3E9B0074885A /* Assets.xcassets */; };
		05F06AA024FD3E9B0074885A /* Preview Assets.xcassets in Resources */ = {isa = PBXBuildFile; fileRef = 05F06A9F24FD3E9B0074885A /* Preview Assets.xcassets */; };
/* End PBXBuildFile section */

/* Begin PBXFileReference section */
		0563241324FD47B700359ED1 /* HabitListItem.swift */ = {isa = PBXFileReference; lastKnownFileType = sourcecode.swift; path = HabitListItem.swift; sourceTree = "<group>"; };
		0563241524FD493700359ED1 /* HabitView.swift */ = {isa = PBXFileReference; lastKnownFileType = sourcecode.swift; path = HabitView.swift; sourceTree = "<group>"; };
		0563241724FFBB0700359ED1 /* NewHabitView.swift */ = {isa = PBXFileReference; lastKnownFileType = sourcecode.swift; path = NewHabitView.swift; sourceTree = "<group>"; };
		0563241924FFC80F00359ED1 /* View+.swift */ = {isa = PBXFileReference; lastKnownFileType = sourcecode.swift; path = "View+.swift"; sourceTree = "<group>"; };
		05D042EC24FD424400A3787D /* Habit.swift */ = {isa = PBXFileReference; lastKnownFileType = sourcecode.swift; path = Habit.swift; sourceTree = "<group>"; };
		05F06A9524FD3E9A0074885A /* HabitsWithSwift.app */ = {isa = PBXFileReference; explicitFileType = wrapper.application; includeInIndex = 0; path = HabitsWithSwift.app; sourceTree = BUILT_PRODUCTS_DIR; };
		05F06A9824FD3E9A0074885A /* HabitsWithSwiftApp.swift */ = {isa = PBXFileReference; lastKnownFileType = sourcecode.swift; path = HabitsWithSwiftApp.swift; sourceTree = "<group>"; };
		05F06A9A24FD3E9A0074885A /* ContentView.swift */ = {isa = PBXFileReference; lastKnownFileType = sourcecode.swift; path = ContentView.swift; sourceTree = "<group>"; };
		05F06A9C24FD3E9B0074885A /* Assets.xcassets */ = {isa = PBXFileReference; lastKnownFileType = folder.assetcatalog; path = Assets.xcassets; sourceTree = "<group>"; };
		05F06A9F24FD3E9B0074885A /* Preview Assets.xcassets */ = {isa = PBXFileReference; lastKnownFileType = folder.assetcatalog; path = "Preview Assets.xcassets"; sourceTree = "<group>"; };
		05F06AA124FD3E9B0074885A /* Info.plist */ = {isa = PBXFileReference; lastKnownFileType = text.plist.xml; path = Info.plist; sourceTree = "<group>"; };
/* End PBXFileReference section */

/* Begin PBXFrameworksBuildPhase section */
		05F06A9224FD3E9A0074885A /* Frameworks */ = {
			isa = PBXFrameworksBuildPhase;
			buildActionMask = 2147483647;
			files = (
			);
			runOnlyForDeploymentPostprocessing = 0;
		};
/* End PBXFrameworksBuildPhase section */

/* Begin PBXGroup section */
		05F06A8C24FD3E9A0074885A = {
			isa = PBXGroup;
			children = (
				05F06A9724FD3E9A0074885A /* HabitsWithSwift */,
				05F06A9624FD3E9A0074885A /* Products */,
			);
			sourceTree = "<group>";
		};
		05F06A9624FD3E9A0074885A /* Products */ = {
			isa = PBXGroup;
			children = (
				05F06A9524FD3E9A0074885A /* HabitsWithSwift.app */,
			);
			name = Products;
			sourceTree = "<group>";
		};
		05F06A9724FD3E9A0074885A /* HabitsWithSwift */ = {
			isa = PBXGroup;
			children = (
				05F06A9824FD3E9A0074885A /* HabitsWithSwiftApp.swift */,
				05F06A9A24FD3E9A0074885A /* ContentView.swift */,
				0563241724FFBB0700359ED1 /* NewHabitView.swift */,
				0563241324FD47B700359ED1 /* HabitListItem.swift */,
				0563241524FD493700359ED1 /* HabitView.swift */,
				05D042EC24FD424400A3787D /* Habit.swift */,
				0563241924FFC80F00359ED1 /* View+.swift */,
				05F06A9C24FD3E9B0074885A /* Assets.xcassets */,
				05F06AA124FD3E9B0074885A /* Info.plist */,
				05F06A9E24FD3E9B0074885A /* Preview Content */,
			);
			path = HabitsWithSwift;
			sourceTree = "<group>";
		};
		05F06A9E24FD3E9B0074885A /* Preview Content */ = {
			isa = PBXGroup;
			children = (
				05F06A9F24FD3E9B0074885A /* Preview Assets.xcassets */,
			);
			path = "Preview Content";
			sourceTree = "<group>";
		};
/* End PBXGroup section */

/* Begin PBXNativeTarget section */
		05F06A9424FD3E9A0074885A /* HabitsWithSwift */ = {
			isa = PBXNativeTarget;
			buildConfigurationList = 05F06AA424FD3E9B0074885A /* Build configuration list for PBXNativeTarget "HabitsWithSwift" */;
			buildPhases = (
				05F06A9124FD3E9A0074885A /* Sources */,
				05F06A9224FD3E9A0074885A /* Frameworks */,
				05F06A9324FD3E9A0074885A /* Resources */,
			);
			buildRules = (
			);
			dependencies = (
			);
			name = HabitsWithSwift;
			productName = HabitsWithSwift;
			productReference = 05F06A9524FD3E9A0074885A /* HabitsWithSwift.app */;
			productType = "com.apple.product-type.application";
		};
/* End PBXNativeTarget section */

/* Begin PBXProject section */
		05F06A8D24FD3E9A0074885A /* Project object */ = {
			isa = PBXProject;
			attributes = {
				LastSwiftUpdateCheck = 1200;
				LastUpgradeCheck = 1200;
				TargetAttributes = {
					05F06A9424FD3E9A0074885A = {
						CreatedOnToolsVersion = 12.0;
					};
				};
			};
			buildConfigurationList = 05F06A9024FD3E9A0074885A /* Build configuration list for PBXProject "HabitsWithSwift" */;
			compatibilityVersion = "Xcode 9.3";
			developmentRegion = en;
			hasScannedForEncodings = 0;
			knownRegions = (
				en,
				Base,
			);
			mainGroup = 05F06A8C24FD3E9A0074885A;
			productRefGroup = 05F06A9624FD3E9A0074885A /* Products */;
			projectDirPath = "";
			projectRoot = "";
			targets = (
				05F06A9424FD3E9A0074885A /* HabitsWithSwift */,
			);
		};
/* End PBXProject section */

/* Begin PBXResourcesBuildPhase section */
		05F06A9324FD3E9A0074885A /* Resources */ = {
			isa = PBXResourcesBuildPhase;
			buildActionMask = 2147483647;
			files = (
				05F06AA024FD3E9B0074885A /* Preview Assets.xcassets in Resources */,
				05F06A9D24FD3E9B0074885A /* Assets.xcassets in Resources */,
			);
			runOnlyForDeploymentPostprocessing = 0;
		};
/* End PBXResourcesBuildPhase section */

/* Begin PBXSourcesBuildPhase section */
		05F06A9124FD3E9A0074885A /* Sources */ = {
			isa = PBXSourcesBuildPhase;
			buildActionMask = 2147483647;
			files = (
				0563241824FFBB0700359ED1 /* NewHabitView.swift in Sources */,
				05D042ED24FD424400A3787D /* Habit.swift in Sources */,
				0563241424FD47B700359ED1 /* HabitListItem.swift in Sources */,
				0563241A24FFC80F00359ED1 /* View+.swift in Sources */,
				05F06A9B24FD3E9A0074885A /* ContentView.swift in Sources */,
				05F06A9924FD3E9A0074885A /* HabitsWithSwiftApp.swift in Sources */,
				0563241624FD493700359ED1 /* HabitView.swift in Sources */,
			);
			runOnlyForDeploymentPostprocessing = 0;
		};
/* End PBXSourcesBuildPhase section */

/* Begin XCBuildConfiguration section */
		05F06AA224FD3E9B0074885A /* Debug */ = {
			isa = XCBuildConfiguration;
			buildSettings = {
				ALWAYS_SEARCH_USER_PATHS = NO;
				CLANG_ANALYZER_NONNULL = YES;
				CLANG_ANALYZER_NUMBER_OBJECT_CONVERSION = YES_AGGRESSIVE;
				CLANG_CXX_LANGUAGE_STANDARD = "gnu++14";
				CLANG_CXX_LIBRARY = "libc++";
				CLANG_ENABLE_MODULES = YES;
				CLANG_ENABLE_OBJC_ARC = YES;
				CLANG_ENABLE_OBJC_WEAK = YES;
				CLANG_WARN_BLOCK_CAPTURE_AUTORELEASING = YES;
				CLANG_WARN_BOOL_CONVERSION = YES;
				CLANG_WARN_COMMA = YES;
				CLANG_WARN_CONSTANT_CONVERSION = YES;
				CLANG_WARN_DEPRECATED_OBJC_IMPLEMENTATIONS = YES;
				CLANG_WARN_DIRECT_OBJC_ISA_USAGE = YES_ERROR;
				CLANG_WARN_DOCUMENTATION_COMMENTS = YES;
				CLANG_WARN_EMPTY_BODY = YES;
				CLANG_WARN_ENUM_CONVERSION = YES;
				CLANG_WARN_INFINITE_RECURSION = YES;
				CLANG_WARN_INT_CONVERSION = YES;
				CLANG_WARN_NON_LITERAL_NULL_CONVERSION = YES;
				CLANG_WARN_OBJC_IMPLICIT_RETAIN_SELF = YES;
				CLANG_WARN_OBJC_LITERAL_CONVERSION = YES;
				CLANG_WARN_OBJC_ROOT_CLASS = YES_ERROR;
				CLANG_WARN_QUOTED_INCLUDE_IN_FRAMEWORK_HEADER = YES;
				CLANG_WARN_RANGE_LOOP_ANALYSIS = YES;
				CLANG_WARN_STRICT_PROTOTYPES = YES;
				CLANG_WARN_SUSPICIOUS_MOVE = YES;
				CLANG_WARN_UNGUARDED_AVAILABILITY = YES_AGGRESSIVE;
				CLANG_WARN_UNREACHABLE_CODE = YES;
				CLANG_WARN__DUPLICATE_METHOD_MATCH = YES;
				COPY_PHASE_STRIP = NO;
				DEBUG_INFORMATION_FORMAT = dwarf;
				ENABLE_STRICT_OBJC_MSGSEND = YES;
				ENABLE_TESTABILITY = YES;
				GCC_C_LANGUAGE_STANDARD = gnu11;
				GCC_DYNAMIC_NO_PIC = NO;
				GCC_NO_COMMON_BLOCKS = YES;
				GCC_OPTIMIZATION_LEVEL = 0;
				GCC_PREPROCESSOR_DEFINITIONS = (
					"DEBUG=1",
					"$(inherited)",
				);
				GCC_WARN_64_TO_32_BIT_CONVERSION = YES;
				GCC_WARN_ABOUT_RETURN_TYPE = YES_ERROR;
				GCC_WARN_UNDECLARED_SELECTOR = YES;
				GCC_WARN_UNINITIALIZED_AUTOS = YES_AGGRESSIVE;
				GCC_WARN_UNUSED_FUNCTION = YES;
				GCC_WARN_UNUSED_VARIABLE = YES;
				IPHONEOS_DEPLOYMENT_TARGET = 14.0;
				MTL_ENABLE_DEBUG_INFO = INCLUDE_SOURCE;
				MTL_FAST_MATH = YES;
				ONLY_ACTIVE_ARCH = YES;
				SDKROOT = iphoneos;
				SWIFT_ACTIVE_COMPILATION_CONDITIONS = DEBUG;
				SWIFT_OPTIMIZATION_LEVEL = "-Onone";
			};
			name = Debug;
		};
		05F06AA324FD3E9B0074885A /* Release */ = {
			isa = XCBuildConfiguration;
			buildSettings = {
				ALWAYS_SEARCH_USER_PATHS = NO;
				CLANG_ANALYZER_NONNULL = YES;
				CLANG_ANALYZER_NUMBER_OBJECT_CONVERSION = YES_AGGRESSIVE;
				CLANG_CXX_LANGUAGE_STANDARD = "gnu++14";
				CLANG_CXX_LIBRARY = "libc++";
				CLANG_ENABLE_MODULES = YES;
				CLANG_ENABLE_OBJC_ARC = YES;
				CLANG_ENABLE_OBJC_WEAK = YES;
				CLANG_WARN_BLOCK_CAPTURE_AUTORELEASING = YES;
				CLANG_WARN_BOOL_CONVERSION = YES;
				CLANG_WARN_COMMA = YES;
				CLANG_WARN_CONSTANT_CONVERSION = YES;
				CLANG_WARN_DEPRECATED_OBJC_IMPLEMENTATIONS = YES;
				CLANG_WARN_DIRECT_OBJC_ISA_USAGE = YES_ERROR;
				CLANG_WARN_DOCUMENTATION_COMMENTS = YES;
				CLANG_WARN_EMPTY_BODY = YES;
				CLANG_WARN_ENUM_CONVERSION = YES;
				CLANG_WARN_INFINITE_RECURSION = YES;
				CLANG_WARN_INT_CONVERSION = YES;
				CLANG_WARN_NON_LITERAL_NULL_CONVERSION = YES;
				CLANG_WARN_OBJC_IMPLICIT_RETAIN_SELF = YES;
				CLANG_WARN_OBJC_LITERAL_CONVERSION = YES;
				CLANG_WARN_OBJC_ROOT_CLASS = YES_ERROR;
				CLANG_WARN_QUOTED_INCLUDE_IN_FRAMEWORK_HEADER = YES;
				CLANG_WARN_RANGE_LOOP_ANALYSIS = YES;
				CLANG_WARN_STRICT_PROTOTYPES = YES;
				CLANG_WARN_SUSPICIOUS_MOVE = YES;
				CLANG_WARN_UNGUARDED_AVAILABILITY = YES_AGGRESSIVE;
				CLANG_WARN_UNREACHABLE_CODE = YES;
				CLANG_WARN__DUPLICATE_METHOD_MATCH = YES;
				COPY_PHASE_STRIP = NO;
				DEBUG_INFORMATION_FORMAT = "dwarf-with-dsym";
				ENABLE_NS_ASSERTIONS = NO;
				ENABLE_STRICT_OBJC_MSGSEND = YES;
				GCC_C_LANGUAGE_STANDARD = gnu11;
				GCC_NO_COMMON_BLOCKS = YES;
				GCC_WARN_64_TO_32_BIT_CONVERSION = YES;
				GCC_WARN_ABOUT_RETURN_TYPE = YES_ERROR;
				GCC_WARN_UNDECLARED_SELECTOR = YES;
				GCC_WARN_UNINITIALIZED_AUTOS = YES_AGGRESSIVE;
				GCC_WARN_UNUSED_FUNCTION = YES;
				GCC_WARN_UNUSED_VARIABLE = YES;
				IPHONEOS_DEPLOYMENT_TARGET = 14.0;
				MTL_ENABLE_DEBUG_INFO = NO;
				MTL_FAST_MATH = YES;
				SDKROOT = iphoneos;
				SWIFT_COMPILATION_MODE = wholemodule;
				SWIFT_OPTIMIZATION_LEVEL = "-O";
				VALIDATE_PRODUCT = YES;
			};
			name = Release;
		};
		05F06AA524FD3E9B0074885A /* Debug */ = {
			isa = XCBuildConfiguration;
			buildSettings = {
				ASSETCATALOG_COMPILER_APPICON_NAME = AppIcon;
				ASSETCATALOG_COMPILER_GLOBAL_ACCENT_COLOR_NAME = AccentColor;
				CODE_SIGN_STYLE = Automatic;
				DEVELOPMENT_ASSET_PATHS = "\"HabitsWithSwift/Preview Content\"";
				DEVELOPMENT_TEAM = 7JTC3SZUZB;
				ENABLE_PREVIEWS = YES;
				INFOPLIST_FILE = HabitsWithSwift/Info.plist;
				IPHONEOS_DEPLOYMENT_TARGET = 14.0;
				LD_RUNPATH_SEARCH_PATHS = (
					"$(inherited)",
					"@executable_path/Frameworks",
				);
				PRODUCT_BUNDLE_IDENTIFIER = com.prathameshk.HabitsWithSwift;
				PRODUCT_NAME = "$(TARGET_NAME)";
				SWIFT_VERSION = 5.0;
				TARGETED_DEVICE_FAMILY = "1,2";
			};
			name = Debug;
		};
		05F06AA624FD3E9B0074885A /* Release */ = {
			isa = XCBuildConfiguration;
			buildSettings = {
				ASSETCATALOG_COMPILER_APPICON_NAME = AppIcon;
				ASSETCATALOG_COMPILER_GLOBAL_ACCENT_COLOR_NAME = AccentColor;
				CODE_SIGN_STYLE = Automatic;
				DEVELOPMENT_ASSET_PATHS = "\"HabitsWithSwift/Preview Content\"";
				DEVELOPMENT_TEAM = 7JTC3SZUZB;
				ENABLE_PREVIEWS = YES;
				INFOPLIST_FILE = HabitsWithSwift/Info.plist;
				IPHONEOS_DEPLOYMENT_TARGET = 14.0;
				LD_RUNPATH_SEARCH_PATHS = (
					"$(inherited)",
					"@executable_path/Frameworks",
				);
				PRODUCT_BUNDLE_IDENTIFIER = com.prathameshk.HabitsWithSwift;
				PRODUCT_NAME = "$(TARGET_NAME)";
				SWIFT_VERSION = 5.0;
				TARGETED_DEVICE_FAMILY = "1,2";
			};
			name = Release;
		};
/* End XCBuildConfiguration section */

/* Begin XCConfigurationList section */
		05F06A9024FD3E9A0074885A /* Build configuration list for PBXProject "HabitsWithSwift" */ = {
			isa = XCConfigurationList;
			buildConfigurations = (
				05F06AA224FD3E9B0074885A /* Debug */,
				05F06AA324FD3E9B0074885A /* Release */,
			);
			defaultConfigurationIsVisible = 0;
			defaultConfigurationName = Release;
		};
		05F06AA424FD3E9B0074885A /* Build configuration list for PBXNativeTarget "HabitsWithSwift" */ = {
			isa = XCConfigurationList;
			buildConfigurations = (
				05F06AA524FD3E9B0074885A /* Debug */,
				05F06AA624FD3E9B0074885A /* Release */,
			);
			defaultConfigurationIsVisible = 0;
			defaultConfigurationName = Release;
		};
/* End XCConfigurationList section */
	};
	rootObject = 05F06A8D24FD3E9A0074885A /* Project object */;
}
