// !$*UTF8*$!
{
	archiveVersion = 1;
	classes = {
	};
	objectVersion = 50;
	objects = {

/* Begin PBXBuildFile section */
		052861152521EE82003B95E3 /* FriendfaceApp.swift in Sources */ = {isa = PBXBuildFile; fileRef = 052861142521EE82003B95E3 /* FriendfaceApp.swift */; };
		052861172521EE82003B95E3 /* ContentView.swift in Sources */ = {isa = PBXBuildFile; fileRef = 052861162521EE82003B95E3 /* ContentView.swift */; };
		052861192521EE82003B95E3 /* Assets.xcassets in Resources */ = {isa = PBXBuildFile; fileRef = 052861182521EE82003B95E3 /* Assets.xcassets */; };
		0528611C2521EE82003B95E3 /* Preview Assets.xcassets in Resources */ = {isa = PBXBuildFile; fileRef = 0528611B2521EE82003B95E3 /* Preview Assets.xcassets */; };
		0544120D252250ED00B0D76B /* ResultView.swift in Sources */ = {isa = PBXBuildFile; fileRef = 0544120C252250ED00B0D76B /* ResultView.swift */; };
		0559AF3D252890EB00305004 /* FriendfaceContainer.swift in Sources */ = {isa = PBXBuildFile; fileRef = 0559AF3C252890EB00305004 /* FriendfaceContainer.swift */; };
		0559AF41252895FD00305004 /* UserView.swift in Sources */ = {isa = PBXBuildFile; fileRef = 0559AF40252895FD00305004 /* UserView.swift */; };
		0559AF442528AA3800305004 /* TagView.swift in Sources */ = {isa = PBXBuildFile; fileRef = 0559AF432528AA3800305004 /* TagView.swift */; };
		05765E35252310830071E9A3 /* Friendface.xcdatamodeld in Sources */ = {isa = PBXBuildFile; fileRef = 05765E33252310830071E9A3 /* Friendface.xcdatamodeld */; };
		05765E3C252322E10071E9A3 /* Tag+CoreDataClass.swift in Sources */ = {isa = PBXBuildFile; fileRef = 05765E38252322E10071E9A3 /* Tag+CoreDataClass.swift */; };
		05765E3D252322E10071E9A3 /* Tag+CoreDataProperties.swift in Sources */ = {isa = PBXBuildFile; fileRef = 05765E39252322E10071E9A3 /* Tag+CoreDataProperties.swift */; };
		05765E3E252322E10071E9A3 /* User+CoreDataClass.swift in Sources */ = {isa = PBXBuildFile; fileRef = 05765E3A252322E10071E9A3 /* User+CoreDataClass.swift */; };
		05765E3F252322E10071E9A3 /* User+CoreDataProperties.swift in Sources */ = {isa = PBXBuildFile; fileRef = 05765E3B252322E10071E9A3 /* User+CoreDataProperties.swift */; };
		05765E4325234F450071E9A3 /* Friend+CoreDataClass.swift in Sources */ = {isa = PBXBuildFile; fileRef = 05765E4125234F450071E9A3 /* Friend+CoreDataClass.swift */; };
		05765E4425234F450071E9A3 /* Friend+CoreDataProperties.swift in Sources */ = {isa = PBXBuildFile; fileRef = 05765E4225234F450071E9A3 /* Friend+CoreDataProperties.swift */; };
		05E260072528FDB700A34D4B /* View+.swift in Sources */ = {isa = PBXBuildFile; fileRef = 05E260062528FDB700A34D4B /* View+.swift */; };
		05E2600C2528FDE100A34D4B /* Binding+.swift in Sources */ = {isa = PBXBuildFile; fileRef = 05E2600B2528FDE100A34D4B /* Binding+.swift */; };
		05E260102528FE1400A34D4B /* CodingKeys.swift in Sources */ = {isa = PBXBuildFile; fileRef = 05E2600F2528FE1400A34D4B /* CodingKeys.swift */; };
		05E260132528FE2400A34D4B /* DecoderConfigurationError.swift in Sources */ = {isa = PBXBuildFile; fileRef = 05E260122528FE2400A34D4B /* DecoderConfigurationError.swift */; };
		05E260162528FE3E00A34D4B /* CodingUserInfoKey+.swift in Sources */ = {isa = PBXBuildFile; fileRef = 05E260152528FE3E00A34D4B /* CodingUserInfoKey+.swift */; };
/* End PBXBuildFile section */

/* Begin PBXFileReference section */
		052861112521EE82003B95E3 /* Friendface.app */ = {isa = PBXFileReference; explicitFileType = wrapper.application; includeInIndex = 0; path = Friendface.app; sourceTree = BUILT_PRODUCTS_DIR; };
		052861142521EE82003B95E3 /* FriendfaceApp.swift */ = {isa = PBXFileReference; lastKnownFileType = sourcecode.swift; path = FriendfaceApp.swift; sourceTree = "<group>"; };
		052861162521EE82003B95E3 /* ContentView.swift */ = {isa = PBXFileReference; lastKnownFileType = sourcecode.swift; path = ContentView.swift; sourceTree = "<group>"; };
		052861182521EE82003B95E3 /* Assets.xcassets */ = {isa = PBXFileReference; lastKnownFileType = folder.assetcatalog; path = Assets.xcassets; sourceTree = "<group>"; };
		0528611B2521EE82003B95E3 /* Preview Assets.xcassets */ = {isa = PBXFileReference; lastKnownFileType = folder.assetcatalog; path = "Preview Assets.xcassets"; sourceTree = "<group>"; };
		0528611D2521EE82003B95E3 /* Info.plist */ = {isa = PBXFileReference; lastKnownFileType = text.plist.xml; path = Info.plist; sourceTree = "<group>"; };
		0544120C252250ED00B0D76B /* ResultView.swift */ = {isa = PBXFileReference; lastKnownFileType = sourcecode.swift; path = ResultView.swift; sourceTree = "<group>"; };
		0559AF3C252890EB00305004 /* FriendfaceContainer.swift */ = {isa = PBXFileReference; lastKnownFileType = sourcecode.swift; path = FriendfaceContainer.swift; sourceTree = "<group>"; };
		0559AF40252895FD00305004 /* UserView.swift */ = {isa = PBXFileReference; lastKnownFileType = sourcecode.swift; path = UserView.swift; sourceTree = "<group>"; };
		0559AF432528AA3800305004 /* TagView.swift */ = {isa = PBXFileReference; lastKnownFileType = sourcecode.swift; path = TagView.swift; sourceTree = "<group>"; };
		05765E34252310830071E9A3 /* Friendface.xcdatamodel */ = {isa = PBXFileReference; lastKnownFileType = wrapper.xcdatamodel; path = Friendface.xcdatamodel; sourceTree = "<group>"; };
		05765E38252322E10071E9A3 /* Tag+CoreDataClass.swift */ = {isa = PBXFileReference; lastKnownFileType = sourcecode.swift; path = "Tag+CoreDataClass.swift"; sourceTree = "<group>"; };
		05765E39252322E10071E9A3 /* Tag+CoreDataProperties.swift */ = {isa = PBXFileReference; lastKnownFileType = sourcecode.swift; path = "Tag+CoreDataProperties.swift"; sourceTree = "<group>"; };
		05765E3A252322E10071E9A3 /* User+CoreDataClass.swift */ = {isa = PBXFileReference; lastKnownFileType = sourcecode.swift; path = "User+CoreDataClass.swift"; sourceTree = "<group>"; };
		05765E3B252322E10071E9A3 /* User+CoreDataProperties.swift */ = {isa = PBXFileReference; lastKnownFileType = sourcecode.swift; path = "User+CoreDataProperties.swift"; sourceTree = "<group>"; };
		05765E4125234F450071E9A3 /* Friend+CoreDataClass.swift */ = {isa = PBXFileReference; lastKnownFileType = sourcecode.swift; path = "Friend+CoreDataClass.swift"; sourceTree = "<group>"; };
		05765E4225234F450071E9A3 /* Friend+CoreDataProperties.swift */ = {isa = PBXFileReference; lastKnownFileType = sourcecode.swift; path = "Friend+CoreDataProperties.swift"; sourceTree = "<group>"; };
		05E260062528FDB700A34D4B /* View+.swift */ = {isa = PBXFileReference; lastKnownFileType = sourcecode.swift; path = "View+.swift"; sourceTree = "<group>"; };
		05E2600B2528FDE100A34D4B /* Binding+.swift */ = {isa = PBXFileReference; lastKnownFileType = sourcecode.swift; path = "Binding+.swift"; sourceTree = "<group>"; };
		05E2600F2528FE1400A34D4B /* CodingKeys.swift */ = {isa = PBXFileReference; lastKnownFileType = sourcecode.swift; path = CodingKeys.swift; sourceTree = "<group>"; };
		05E260122528FE2400A34D4B /* DecoderConfigurationError.swift */ = {isa = PBXFileReference; lastKnownFileType = sourcecode.swift; path = DecoderConfigurationError.swift; sourceTree = "<group>"; };
		05E260152528FE3E00A34D4B /* CodingUserInfoKey+.swift */ = {isa = PBXFileReference; lastKnownFileType = sourcecode.swift; path = "CodingUserInfoKey+.swift"; sourceTree = "<group>"; };
/* End PBXFileReference section */

/* Begin PBXFrameworksBuildPhase section */
		0528610E2521EE81003B95E3 /* Frameworks */ = {
			isa = PBXFrameworksBuildPhase;
			buildActionMask = 2147483647;
			files = (
			);
			runOnlyForDeploymentPostprocessing = 0;
		};
/* End PBXFrameworksBuildPhase section */

/* Begin PBXGroup section */
		052861082521EE81003B95E3 = {
			isa = PBXGroup;
			children = (
				052861132521EE82003B95E3 /* Friendface */,
				052861122521EE82003B95E3 /* Products */,
			);
			sourceTree = "<group>";
		};
		052861122521EE82003B95E3 /* Products */ = {
			isa = PBXGroup;
			children = (
				052861112521EE82003B95E3 /* Friendface.app */,
			);
			name = Products;
			sourceTree = "<group>";
		};
		052861132521EE82003B95E3 /* Friendface */ = {
			isa = PBXGroup;
			children = (
				052861142521EE82003B95E3 /* FriendfaceApp.swift */,
				052861162521EE82003B95E3 /* ContentView.swift */,
				0544120C252250ED00B0D76B /* ResultView.swift */,
				0559AF40252895FD00305004 /* UserView.swift */,
				0559AF432528AA3800305004 /* TagView.swift */,
				05765E67252356710071E9A3 /* CoreData */,
				05E260092528FDC800A34D4B /* Extensions */,
				05E260182528FE5B00A34D4B /* Utils */,
				052861182521EE82003B95E3 /* Assets.xcassets */,
				0528611D2521EE82003B95E3 /* Info.plist */,
				0528611A2521EE82003B95E3 /* Preview Content */,
			);
			path = Friendface;
			sourceTree = "<group>";
		};
		0528611A2521EE82003B95E3 /* Preview Content */ = {
			isa = PBXGroup;
			children = (
				0528611B2521EE82003B95E3 /* Preview Assets.xcassets */,
			);
			path = "Preview Content";
			sourceTree = "<group>";
		};
		05765E67252356710071E9A3 /* CoreData */ = {
			isa = PBXGroup;
			children = (
				05765E33252310830071E9A3 /* Friendface.xcdatamodeld */,
				0559AF3C252890EB00305004 /* FriendfaceContainer.swift */,
				05765E4125234F450071E9A3 /* Friend+CoreDataClass.swift */,
				05765E4225234F450071E9A3 /* Friend+CoreDataProperties.swift */,
				05765E38252322E10071E9A3 /* Tag+CoreDataClass.swift */,
				05765E39252322E10071E9A3 /* Tag+CoreDataProperties.swift */,
				05765E3A252322E10071E9A3 /* User+CoreDataClass.swift */,
				05765E3B252322E10071E9A3 /* User+CoreDataProperties.swift */,
			);
			path = CoreData;
			sourceTree = "<group>";
		};
		05E260092528FDC800A34D4B /* Extensions */ = {
			isa = PBXGroup;
			children = (
				05E260152528FE3E00A34D4B /* CodingUserInfoKey+.swift */,
				05E2600B2528FDE100A34D4B /* Binding+.swift */,
				05E260062528FDB700A34D4B /* View+.swift */,
			);
			path = Extensions;
			sourceTree = "<group>";
		};
		05E260182528FE5B00A34D4B /* Utils */ = {
			isa = PBXGroup;
			children = (
				05E260122528FE2400A34D4B /* DecoderConfigurationError.swift */,
				05E2600F2528FE1400A34D4B /* CodingKeys.swift */,
			);
			path = Utils;
			sourceTree = "<group>";
		};
/* End PBXGroup section */

/* Begin PBXNativeTarget section */
		052861102521EE81003B95E3 /* Friendface */ = {
			isa = PBXNativeTarget;
			buildConfigurationList = 052861202521EE82003B95E3 /* Build configuration list for PBXNativeTarget "Friendface" */;
			buildPhases = (
				0528610D2521EE81003B95E3 /* Sources */,
				0528610E2521EE81003B95E3 /* Frameworks */,
				0528610F2521EE81003B95E3 /* Resources */,
			);
			buildRules = (
			);
			dependencies = (
			);
			name = Friendface;
			productName = Friendface;
			productReference = 052861112521EE82003B95E3 /* Friendface.app */;
			productType = "com.apple.product-type.application";
		};
/* End PBXNativeTarget section */

/* Begin PBXProject section */
		052861092521EE81003B95E3 /* Project object */ = {
			isa = PBXProject;
			attributes = {
				LastSwiftUpdateCheck = 1200;
				LastUpgradeCheck = 1200;
				TargetAttributes = {
					052861102521EE81003B95E3 = {
						CreatedOnToolsVersion = 12.0;
					};
				};
			};
			buildConfigurationList = 0528610C2521EE81003B95E3 /* Build configuration list for PBXProject "Friendface" */;
			compatibilityVersion = "Xcode 9.3";
			developmentRegion = en;
			hasScannedForEncodings = 0;
			knownRegions = (
				en,
				Base,
			);
			mainGroup = 052861082521EE81003B95E3;
			productRefGroup = 052861122521EE82003B95E3 /* Products */;
			projectDirPath = "";
			projectRoot = "";
			targets = (
				052861102521EE81003B95E3 /* Friendface */,
			);
		};
/* End PBXProject section */

/* Begin PBXResourcesBuildPhase section */
		0528610F2521EE81003B95E3 /* Resources */ = {
			isa = PBXResourcesBuildPhase;
			buildActionMask = 2147483647;
			files = (
				0528611C2521EE82003B95E3 /* Preview Assets.xcassets in Resources */,
				052861192521EE82003B95E3 /* Assets.xcassets in Resources */,
			);
			runOnlyForDeploymentPostprocessing = 0;
		};
/* End PBXResourcesBuildPhase section */

/* Begin PBXSourcesBuildPhase section */
		0528610D2521EE81003B95E3 /* Sources */ = {
			isa = PBXSourcesBuildPhase;
			buildActionMask = 2147483647;
			files = (
				05765E4425234F450071E9A3 /* Friend+CoreDataProperties.swift in Sources */,
				05765E35252310830071E9A3 /* Friendface.xcdatamodeld in Sources */,
				05E260162528FE3E00A34D4B /* CodingUserInfoKey+.swift in Sources */,
				0559AF442528AA3800305004 /* TagView.swift in Sources */,
				05765E4325234F450071E9A3 /* Friend+CoreDataClass.swift in Sources */,
				05E260072528FDB700A34D4B /* View+.swift in Sources */,
				05E2600C2528FDE100A34D4B /* Binding+.swift in Sources */,
				05E260132528FE2400A34D4B /* DecoderConfigurationError.swift in Sources */,
				052861172521EE82003B95E3 /* ContentView.swift in Sources */,
				05765E3C252322E10071E9A3 /* Tag+CoreDataClass.swift in Sources */,
				05765E3F252322E10071E9A3 /* User+CoreDataProperties.swift in Sources */,
				052861152521EE82003B95E3 /* FriendfaceApp.swift in Sources */,
				05765E3E252322E10071E9A3 /* User+CoreDataClass.swift in Sources */,
				05E260102528FE1400A34D4B /* CodingKeys.swift in Sources */,
				0544120D252250ED00B0D76B /* ResultView.swift in Sources */,
				0559AF3D252890EB00305004 /* FriendfaceContainer.swift in Sources */,
				05765E3D252322E10071E9A3 /* Tag+CoreDataProperties.swift in Sources */,
				0559AF41252895FD00305004 /* UserView.swift in Sources */,
			);
			runOnlyForDeploymentPostprocessing = 0;
		};
/* End PBXSourcesBuildPhase section */

/* Begin XCBuildConfiguration section */
		0528611E2521EE82003B95E3 /* Debug */ = {
			isa = XCBuildConfiguration;
			buildSettings = {
				ALWAYS_SEARCH_USER_PATHS = NO;
				CLANG_ANALYZER_NONNULL = YES;
				CLANG_ANALYZER_NUMBER_OBJECT_CONVERSION = YES_AGGRESSIVE;
				CLANG_CXX_LANGUAGE_STANDARD = "gnu++14";
				CLANG_CXX_LIBRARY = "libc++";
				CLANG_ENABLE_MODULES = YES;
				CLANG_ENABLE_OBJC_ARC = YES;
				CLANG_ENABLE_OBJC_WEAK = YES;
				CLANG_WARN_BLOCK_CAPTURE_AUTORELEASING = YES;
				CLANG_WARN_BOOL_CONVERSION = YES;
				CLANG_WARN_COMMA = YES;
				CLANG_WARN_CONSTANT_CONVERSION = YES;
				CLANG_WARN_DEPRECATED_OBJC_IMPLEMENTATIONS = YES;
				CLANG_WARN_DIRECT_OBJC_ISA_USAGE = YES_ERROR;
				CLANG_WARN_DOCUMENTATION_COMMENTS = YES;
				CLANG_WARN_EMPTY_BODY = YES;
				CLANG_WARN_ENUM_CONVERSION = YES;
				CLANG_WARN_INFINITE_RECURSION = YES;
				CLANG_WARN_INT_CONVERSION = YES;
				CLANG_WARN_NON_LITERAL_NULL_CONVERSION = YES;
				CLANG_WARN_OBJC_IMPLICIT_RETAIN_SELF = YES;
				CLANG_WARN_OBJC_LITERAL_CONVERSION = YES;
				CLANG_WARN_OBJC_ROOT_CLASS = YES_ERROR;
				CLANG_WARN_QUOTED_INCLUDE_IN_FRAMEWORK_HEADER = YES;
				CLANG_WARN_RANGE_LOOP_ANALYSIS = YES;
				CLANG_WARN_STRICT_PROTOTYPES = YES;
				CLANG_WARN_SUSPICIOUS_MOVE = YES;
				CLANG_WARN_UNGUARDED_AVAILABILITY = YES_AGGRESSIVE;
				CLANG_WARN_UNREACHABLE_CODE = YES;
				CLANG_WARN__DUPLICATE_METHOD_MATCH = YES;
				COPY_PHASE_STRIP = NO;
				DEBUG_INFORMATION_FORMAT = dwarf;
				ENABLE_STRICT_OBJC_MSGSEND = YES;
				ENABLE_TESTABILITY = YES;
				GCC_C_LANGUAGE_STANDARD = gnu11;
				GCC_DYNAMIC_NO_PIC = NO;
				GCC_NO_COMMON_BLOCKS = YES;
				GCC_OPTIMIZATION_LEVEL = 0;
				GCC_PREPROCESSOR_DEFINITIONS = (
					"DEBUG=1",
					"$(inherited)",
				);
				GCC_WARN_64_TO_32_BIT_CONVERSION = YES;
				GCC_WARN_ABOUT_RETURN_TYPE = YES_ERROR;
				GCC_WARN_UNDECLARED_SELECTOR = YES;
				GCC_WARN_UNINITIALIZED_AUTOS = YES_AGGRESSIVE;
				GCC_WARN_UNUSED_FUNCTION = YES;
				GCC_WARN_UNUSED_VARIABLE = YES;
				IPHONEOS_DEPLOYMENT_TARGET = 14.0;
				MTL_ENABLE_DEBUG_INFO = INCLUDE_SOURCE;
				MTL_FAST_MATH = YES;
				ONLY_ACTIVE_ARCH = YES;
				SDKROOT = iphoneos;
				SWIFT_ACTIVE_COMPILATION_CONDITIONS = DEBUG;
				SWIFT_OPTIMIZATION_LEVEL = "-Onone";
			};
			name = Debug;
		};
		0528611F2521EE82003B95E3 /* Release */ = {
			isa = XCBuildConfiguration;
			buildSettings = {
				ALWAYS_SEARCH_USER_PATHS = NO;
				CLANG_ANALYZER_NONNULL = YES;
				CLANG_ANALYZER_NUMBER_OBJECT_CONVERSION = YES_AGGRESSIVE;
				CLANG_CXX_LANGUAGE_STANDARD = "gnu++14";
				CLANG_CXX_LIBRARY = "libc++";
				CLANG_ENABLE_MODULES = YES;
				CLANG_ENABLE_OBJC_ARC = YES;
				CLANG_ENABLE_OBJC_WEAK = YES;
				CLANG_WARN_BLOCK_CAPTURE_AUTORELEASING = YES;
				CLANG_WARN_BOOL_CONVERSION = YES;
				CLANG_WARN_COMMA = YES;
				CLANG_WARN_CONSTANT_CONVERSION = YES;
				CLANG_WARN_DEPRECATED_OBJC_IMPLEMENTATIONS = YES;
				CLANG_WARN_DIRECT_OBJC_ISA_USAGE = YES_ERROR;
				CLANG_WARN_DOCUMENTATION_COMMENTS = YES;
				CLANG_WARN_EMPTY_BODY = YES;
				CLANG_WARN_ENUM_CONVERSION = YES;
				CLANG_WARN_INFINITE_RECURSION = YES;
				CLANG_WARN_INT_CONVERSION = YES;
				CLANG_WARN_NON_LITERAL_NULL_CONVERSION = YES;
				CLANG_WARN_OBJC_IMPLICIT_RETAIN_SELF = YES;
				CLANG_WARN_OBJC_LITERAL_CONVERSION = YES;
				CLANG_WARN_OBJC_ROOT_CLASS = YES_ERROR;
				CLANG_WARN_QUOTED_INCLUDE_IN_FRAMEWORK_HEADER = YES;
				CLANG_WARN_RANGE_LOOP_ANALYSIS = YES;
				CLANG_WARN_STRICT_PROTOTYPES = YES;
				CLANG_WARN_SUSPICIOUS_MOVE = YES;
				CLANG_WARN_UNGUARDED_AVAILABILITY = YES_AGGRESSIVE;
				CLANG_WARN_UNREACHABLE_CODE = YES;
				CLANG_WARN__DUPLICATE_METHOD_MATCH = YES;
				COPY_PHASE_STRIP = NO;
				DEBUG_INFORMATION_FORMAT = "dwarf-with-dsym";
				ENABLE_NS_ASSERTIONS = NO;
				ENABLE_STRICT_OBJC_MSGSEND = YES;
				GCC_C_LANGUAGE_STANDARD = gnu11;
				GCC_NO_COMMON_BLOCKS = YES;
				GCC_WARN_64_TO_32_BIT_CONVERSION = YES;
				GCC_WARN_ABOUT_RETURN_TYPE = YES_ERROR;
				GCC_WARN_UNDECLARED_SELECTOR = YES;
				GCC_WARN_UNINITIALIZED_AUTOS = YES_AGGRESSIVE;
				GCC_WARN_UNUSED_FUNCTION = YES;
				GCC_WARN_UNUSED_VARIABLE = YES;
				IPHONEOS_DEPLOYMENT_TARGET = 14.0;
				MTL_ENABLE_DEBUG_INFO = NO;
				MTL_FAST_MATH = YES;
				SDKROOT = iphoneos;
				SWIFT_COMPILATION_MODE = wholemodule;
				SWIFT_OPTIMIZATION_LEVEL = "-O";
				VALIDATE_PRODUCT = YES;
			};
			name = Release;
		};
		052861212521EE82003B95E3 /* Debug */ = {
			isa = XCBuildConfiguration;
			buildSettings = {
				ASSETCATALOG_COMPILER_APPICON_NAME = AppIcon;
				ASSETCATALOG_COMPILER_GLOBAL_ACCENT_COLOR_NAME = AccentColor;
				CODE_SIGN_STYLE = Automatic;
				DEVELOPMENT_ASSET_PATHS = "\"Friendface/Preview Content\"";
				DEVELOPMENT_TEAM = 7JTC3SZUZB;
				ENABLE_PREVIEWS = YES;
				INFOPLIST_FILE = Friendface/Info.plist;
				IPHONEOS_DEPLOYMENT_TARGET = 14.0;
				LD_RUNPATH_SEARCH_PATHS = (
					"$(inherited)",
					"@executable_path/Frameworks",
				);
				PRODUCT_BUNDLE_IDENTIFIER = com.prathameshk.Friendface;
				PRODUCT_NAME = "$(TARGET_NAME)";
				SWIFT_VERSION = 5.0;
				TARGETED_DEVICE_FAMILY = "1,2";
			};
			name = Debug;
		};
		052861222521EE82003B95E3 /* Release */ = {
			isa = XCBuildConfiguration;
			buildSettings = {
				ASSETCATALOG_COMPILER_APPICON_NAME = AppIcon;
				ASSETCATALOG_COMPILER_GLOBAL_ACCENT_COLOR_NAME = AccentColor;
				CODE_SIGN_STYLE = Automatic;
				DEVELOPMENT_ASSET_PATHS = "\"Friendface/Preview Content\"";
				DEVELOPMENT_TEAM = 7JTC3SZUZB;
				ENABLE_PREVIEWS = YES;
				INFOPLIST_FILE = Friendface/Info.plist;
				IPHONEOS_DEPLOYMENT_TARGET = 14.0;
				LD_RUNPATH_SEARCH_PATHS = (
					"$(inherited)",
					"@executable_path/Frameworks",
				);
				PRODUCT_BUNDLE_IDENTIFIER = com.prathameshk.Friendface;
				PRODUCT_NAME = "$(TARGET_NAME)";
				SWIFT_VERSION = 5.0;
				TARGETED_DEVICE_FAMILY = "1,2";
			};
			name = Release;
		};
/* End XCBuildConfiguration section */

/* Begin XCConfigurationList section */
		0528610C2521EE81003B95E3 /* Build configuration list for PBXProject "Friendface" */ = {
			isa = XCConfigurationList;
			buildConfigurations = (
				0528611E2521EE82003B95E3 /* Debug */,
				0528611F2521EE82003B95E3 /* Release */,
			);
			defaultConfigurationIsVisible = 0;
			defaultConfigurationName = Release;
		};
		052861202521EE82003B95E3 /* Build configuration list for PBXNativeTarget "Friendface" */ = {
			isa = XCConfigurationList;
			buildConfigurations = (
				052861212521EE82003B95E3 /* Debug */,
				052861222521EE82003B95E3 /* Release */,
			);
			defaultConfigurationIsVisible = 0;
			defaultConfigurationName = Release;
		};
/* End XCConfigurationList section */

/* Begin XCVersionGroup section */
		05765E33252310830071E9A3 /* Friendface.xcdatamodeld */ = {
			isa = XCVersionGroup;
			children = (
				05765E34252310830071E9A3 /* Friendface.xcdatamodel */,
			);
			currentVersion = 05765E34252310830071E9A3 /* Friendface.xcdatamodel */;
			path = Friendface.xcdatamodeld;
			sourceTree = "<group>";
			versionGroupType = wrapper.xcdatamodel;
		};
/* End XCVersionGroup section */
	};
	rootObject = 052861092521EE81003B95E3 /* Project object */;
}
